Microsoft Visual Studio Solution File, Format Version 7.00
Project("{FAE04EC0-301F-11D3-BF4B-00C04F79EFBC}") = "Spring2.DataTierGenerator.Alpha", "ElementSet\Alpha\Spring2.DataTierGenerator.Alpha.csproj", "{069AFE42-50D3-48D3-A12B-FAE1D8A2A44A}"
EndProject
Global
	GlobalSection(SolutionConfiguration) = preSolution
		ConfigName.0 = Debug
		ConfigName.1 = Release
	EndGlobalSection
	GlobalSection(ProjectDependencies) = postSolution
	EndGlobalSection
	GlobalSection(ProjectConfiguration) = postSolution
		{069AFE42-50D3-48D3-A12B-FAE1D8A2A44A}.Debug.ActiveCfg = Debug|.NET
		{069AFE42-50D3-48D3-A12B-FAE1D8A2A44A}.Debug.Build.0 = Debug|.NET
		{069AFE42-50D3-48D3-A12B-FAE1D8A2A44A}.Release.ActiveCfg = Release|.NET
		{069AFE42-50D3-48D3-A12B-FAE1D8A2A44A}.Release.Build.0 = Release|.NET
	EndGlobalSection
	GlobalSection(ExtensibilityGlobals) = postSolution
	EndGlobalSection
	GlobalSection(ExtensibilityAddIns) = postSolution
	EndGlobalSection
EndGlobal
