Microsoft Visual Studio Solution File, Format Version 11.00
# Visual Studio 2010
Project("{2150E333-8FDC-42A3-9474-1A3956D46DE8}") = "Element Sets", "Element Sets", "{B56FCA12-F11E-4FC3-8D16-E20FE668488F}"
EndProject
Project("{FAE04EC0-301F-11D3-BF4B-00C04F79EFBC}") = "Spring2.DataTierGenerator", "Spring2.DataTierGenerator.csproj", "{8BE555A1-8BBA-4CF7-9B4A-6BBEF7E20FA8}"
EndProject
Project("{FAE04EC0-301F-11D3-BF4B-00C04F79EFBC}") = "Spring2.DataTierGenerator.Test", "Spring2.DataTierGenerator.Test.csproj", "{50037EF4-B0A4-4044-8638-E94A6D090CAB}"
	ProjectSection(ProjectDependencies) = postProject
		{8BE555A1-8BBA-4CF7-9B4A-6BBEF7E20FA8} = {8BE555A1-8BBA-4CF7-9B4A-6BBEF7E20FA8}
	EndProjectSection
EndProject
Project("{FAE04EC0-301F-11D3-BF4B-00C04F79EFBC}") = "Spring2.DataTierGenerator.Tool", "Spring2.DataTierGenerator.Tool.csproj", "{0AFCF054-A3E0-4502-B41C-347AD69DBFA5}"
EndProject
Project("{FAE04EC0-301F-11D3-BF4B-00C04F79EFBC}") = "Spring2.DataTierGenerator.Attribute", "Spring2.DataTierGenerator.Attribute.csproj", "{3131371A-6B4B-4B39-9DB0-18B9F955E0BD}"
EndProject
Project("{FAE04EC0-301F-11D3-BF4B-00C04F79EFBC}") = "Spring2.DataTierGenerator.Alpha", "ElementSet\Alpha\Spring2.DataTierGenerator.Alpha.csproj", "{069AFE42-50D3-48D3-A12B-FAE1D8A2A44A}"
EndProject
Project("{FAE04EC0-301F-11D3-BF4B-00C04F79EFBC}") = "Spring2.DataTierGenerator.ConsoleRunner", "Spring2.DataTierGenerator.ConsoleRunner.csproj", "{C49BE045-C72A-43DD-8DAC-CE11F08C6A6F}"
EndProject
Project("{FAE04EC0-301F-11D3-BF4B-00C04F79EFBC}") = "Spring2.DataTierGenerator.Beta", "ElementSet\Beta\Spring2.DataTierGenerator.Beta.csproj", "{715E64DD-2DAD-4DA8-ACC5-2BAEBA573487}"
EndProject
Project("{FAE04EC0-301F-11D3-BF4B-00C04F79EFBC}") = "Spring2.DataTierGenerator.CSharpStyler", "Spring2.DataTierGenerator.CSharpStyler.csproj", "{2001988D-69BC-4D0D-BA21-19A98E89CADC}"
EndProject
Project("{FAE04EC0-301F-11D3-BF4B-00C04F79EFBC}") = "Spring2.DataTierGenerator.UpdateProjectFiles", "Spring2.DataTierGenerator.UpdateProjectFiles.csproj", "{B6CB9D43-AD25-41E3-892E-242844DD6A7A}"
EndProject
Project("{FAE04EC0-301F-11D3-BF4B-00C04F79EFBC}") = "Spring2.DataTierGenerator.PluginInterface", "Spring2.DataTierGenerator.PluginInterface.csproj", "{3F50D432-9F6C-427F-B1DF-F1561F84ABC6}"
EndProject
Project("{FAE04EC0-301F-11D3-BF4B-00C04F79EFBC}") = "Spring2.DataTierGenerator.Plugins", "Spring2.DataTierGenerator.Plugins.csproj", "{2FF72191-5648-47D5-84EC-B7AF8BF7DA91}"
EndProject
Project("{FAE04EC0-301F-11D3-BF4B-00C04F79EFBC}") = "Spring2.DataTierGenerator.TFSPlugin", "Spring2.DataTierGenerator.TFSPlugin.csproj", "{DB30A44E-32BA-4713-BDC8-A92869F6242B}"
EndProject
Global
	GlobalSection(SolutionConfigurationPlatforms) = preSolution
		Debug|Any CPU = Debug|Any CPU
		Release|Any CPU = Release|Any CPU
	EndGlobalSection
	GlobalSection(ProjectConfigurationPlatforms) = postSolution
		{8BE555A1-8BBA-4CF7-9B4A-6BBEF7E20FA8}.Debug|Any CPU.ActiveCfg = Debug|Any CPU
		{8BE555A1-8BBA-4CF7-9B4A-6BBEF7E20FA8}.Debug|Any CPU.Build.0 = Debug|Any CPU
		{8BE555A1-8BBA-4CF7-9B4A-6BBEF7E20FA8}.Release|Any CPU.ActiveCfg = Release|Any CPU
		{8BE555A1-8BBA-4CF7-9B4A-6BBEF7E20FA8}.Release|Any CPU.Build.0 = Release|Any CPU
		{50037EF4-B0A4-4044-8638-E94A6D090CAB}.Debug|Any CPU.ActiveCfg = Debug|Any CPU
		{50037EF4-B0A4-4044-8638-E94A6D090CAB}.Debug|Any CPU.Build.0 = Debug|Any CPU
		{50037EF4-B0A4-4044-8638-E94A6D090CAB}.Release|Any CPU.ActiveCfg = Release|Any CPU
		{50037EF4-B0A4-4044-8638-E94A6D090CAB}.Release|Any CPU.Build.0 = Release|Any CPU
		{0AFCF054-A3E0-4502-B41C-347AD69DBFA5}.Debug|Any CPU.ActiveCfg = Debug|Any CPU
		{0AFCF054-A3E0-4502-B41C-347AD69DBFA5}.Debug|Any CPU.Build.0 = Debug|Any CPU
		{0AFCF054-A3E0-4502-B41C-347AD69DBFA5}.Release|Any CPU.ActiveCfg = Release|Any CPU
		{0AFCF054-A3E0-4502-B41C-347AD69DBFA5}.Release|Any CPU.Build.0 = Release|Any CPU
		{3131371A-6B4B-4B39-9DB0-18B9F955E0BD}.Debug|Any CPU.ActiveCfg = Debug|Any CPU
		{3131371A-6B4B-4B39-9DB0-18B9F955E0BD}.Debug|Any CPU.Build.0 = Debug|Any CPU
		{3131371A-6B4B-4B39-9DB0-18B9F955E0BD}.Release|Any CPU.ActiveCfg = Release|Any CPU
		{3131371A-6B4B-4B39-9DB0-18B9F955E0BD}.Release|Any CPU.Build.0 = Release|Any CPU
		{069AFE42-50D3-48D3-A12B-FAE1D8A2A44A}.Debug|Any CPU.ActiveCfg = Debug|Any CPU
		{069AFE42-50D3-48D3-A12B-FAE1D8A2A44A}.Debug|Any CPU.Build.0 = Debug|Any CPU
		{069AFE42-50D3-48D3-A12B-FAE1D8A2A44A}.Release|Any CPU.ActiveCfg = Release|Any CPU
		{069AFE42-50D3-48D3-A12B-FAE1D8A2A44A}.Release|Any CPU.Build.0 = Release|Any CPU
		{C49BE045-C72A-43DD-8DAC-CE11F08C6A6F}.Debug|Any CPU.ActiveCfg = Debug|Any CPU
		{C49BE045-C72A-43DD-8DAC-CE11F08C6A6F}.Debug|Any CPU.Build.0 = Debug|Any CPU
		{C49BE045-C72A-43DD-8DAC-CE11F08C6A6F}.Release|Any CPU.ActiveCfg = Release|Any CPU
		{C49BE045-C72A-43DD-8DAC-CE11F08C6A6F}.Release|Any CPU.Build.0 = Release|Any CPU
		{715E64DD-2DAD-4DA8-ACC5-2BAEBA573487}.Debug|Any CPU.ActiveCfg = Debug|Any CPU
		{715E64DD-2DAD-4DA8-ACC5-2BAEBA573487}.Debug|Any CPU.Build.0 = Debug|Any CPU
		{715E64DD-2DAD-4DA8-ACC5-2BAEBA573487}.Release|Any CPU.ActiveCfg = Release|Any CPU
		{715E64DD-2DAD-4DA8-ACC5-2BAEBA573487}.Release|Any CPU.Build.0 = Release|Any CPU
		{2001988D-69BC-4D0D-BA21-19A98E89CADC}.Debug|Any CPU.ActiveCfg = Debug|Any CPU
		{2001988D-69BC-4D0D-BA21-19A98E89CADC}.Debug|Any CPU.Build.0 = Debug|Any CPU
		{2001988D-69BC-4D0D-BA21-19A98E89CADC}.Release|Any CPU.ActiveCfg = Release|Any CPU
		{2001988D-69BC-4D0D-BA21-19A98E89CADC}.Release|Any CPU.Build.0 = Release|Any CPU
		{B6CB9D43-AD25-41E3-892E-242844DD6A7A}.Debug|Any CPU.ActiveCfg = Debug|Any CPU
		{B6CB9D43-AD25-41E3-892E-242844DD6A7A}.Debug|Any CPU.Build.0 = Debug|Any CPU
		{B6CB9D43-AD25-41E3-892E-242844DD6A7A}.Release|Any CPU.ActiveCfg = Release|Any CPU
		{B6CB9D43-AD25-41E3-892E-242844DD6A7A}.Release|Any CPU.Build.0 = Release|Any CPU
		{3F50D432-9F6C-427F-B1DF-F1561F84ABC6}.Debug|Any CPU.ActiveCfg = Debug|Any CPU
		{3F50D432-9F6C-427F-B1DF-F1561F84ABC6}.Debug|Any CPU.Build.0 = Debug|Any CPU
		{3F50D432-9F6C-427F-B1DF-F1561F84ABC6}.Release|Any CPU.ActiveCfg = Release|Any CPU
		{3F50D432-9F6C-427F-B1DF-F1561F84ABC6}.Release|Any CPU.Build.0 = Release|Any CPU
		{2FF72191-5648-47D5-84EC-B7AF8BF7DA91}.Debug|Any CPU.ActiveCfg = Debug|Any CPU
		{2FF72191-5648-47D5-84EC-B7AF8BF7DA91}.Debug|Any CPU.Build.0 = Debug|Any CPU
		{2FF72191-5648-47D5-84EC-B7AF8BF7DA91}.Release|Any CPU.ActiveCfg = Release|Any CPU
		{2FF72191-5648-47D5-84EC-B7AF8BF7DA91}.Release|Any CPU.Build.0 = Release|Any CPU
		{DB30A44E-32BA-4713-BDC8-A92869F6242B}.Debug|Any CPU.ActiveCfg = Debug|Any CPU
		{DB30A44E-32BA-4713-BDC8-A92869F6242B}.Debug|Any CPU.Build.0 = Debug|Any CPU
		{DB30A44E-32BA-4713-BDC8-A92869F6242B}.Release|Any CPU.ActiveCfg = Release|Any CPU
		{DB30A44E-32BA-4713-BDC8-A92869F6242B}.Release|Any CPU.Build.0 = Release|Any CPU
	EndGlobalSection
	GlobalSection(SolutionProperties) = preSolution
		HideSolutionNode = FALSE
	EndGlobalSection
	GlobalSection(NestedProjects) = preSolution
		{069AFE42-50D3-48D3-A12B-FAE1D8A2A44A} = {B56FCA12-F11E-4FC3-8D16-E20FE668488F}
		{715E64DD-2DAD-4DA8-ACC5-2BAEBA573487} = {B56FCA12-F11E-4FC3-8D16-E20FE668488F}
	EndGlobalSection
	GlobalSection(DevPartner) = postSolution
	EndGlobalSection
	GlobalSection(DevPartner) = postSolution
	EndGlobalSection
	GlobalSection(DevPartner) = postSolution
	EndGlobalSection
	GlobalSection(DevPartner) = postSolution
	EndGlobalSection
EndGlobal
