Microsoft Visual Studio Solution File, Format Version 7.00
Project("{FAE04EC0-301F-11D3-BF4B-00C04F79EFBC}") = "Spring2.DataTierGenerator.Beta", "ElementSet\Beta\Spring2.DataTierGenerator.Beta.csproj", "{715E64DD-2DAD-4DA8-ACC5-2BAEBA573487}"
EndProject
Global
	GlobalSection(SolutionConfiguration) = preSolution
		ConfigName.0 = Debug
		ConfigName.1 = Release
	EndGlobalSection
	GlobalSection(ProjectDependencies) = postSolution
	EndGlobalSection
	GlobalSection(ProjectConfiguration) = postSolution
		{715E64DD-2DAD-4DA8-ACC5-2BAEBA573487}.Debug.ActiveCfg = Debug|.NET
		{715E64DD-2DAD-4DA8-ACC5-2BAEBA573487}.Debug.Build.0 = Debug|.NET
		{715E64DD-2DAD-4DA8-ACC5-2BAEBA573487}.Release.ActiveCfg = Release|.NET
		{715E64DD-2DAD-4DA8-ACC5-2BAEBA573487}.Release.Build.0 = Release|.NET
	EndGlobalSection
	GlobalSection(ExtensibilityGlobals) = postSolution
	EndGlobalSection
	GlobalSection(ExtensibilityAddIns) = postSolution
	EndGlobalSection
EndGlobal
